
Microsoft Visual Studio Solution File, Format Version 12.00
# Visual Studio Version 16
VisualStudioVersion = 16.0.30611.23
MinimumVisualStudioVersion = 10.0.40219.1
Project("{9A19103F-16F7-4668-BE54-9A1E7A4F7556}") = "MenuPlan", "MenuPlan\MenuPlan.csproj", "{41767D2C-D5E6-4CAD-B914-C23B2865819D}"
EndProject
Project("{E53339B2-1760-4266-BCC7-CA923CBCF16C}") = "docker-compose", "docker-compose.dcproj", "{F9FAFA04-D49F-4642-975A-273696DA655A}"
EndProject
Project("{2150E333-8FDC-42A3-9474-1A3956D46DE8}") = "Solution Items", "Solution Items", "{582CCD38-9BB1-455E-BC27-8C8A46FE073B}"
	ProjectSection(SolutionItems) = preProject
		Factors.md = Factors.md
		Readme.md = Readme.md
	EndProjectSection
EndProject
Global
	GlobalSection(SolutionConfigurationPlatforms) = preSolution
		Debug|Any CPU = Debug|Any CPU
		Release|Any CPU = Release|Any CPU
	EndGlobalSection
	GlobalSection(ProjectConfigurationPlatforms) = postSolution
		{41767D2C-D5E6-4CAD-B914-C23B2865819D}.Debug|Any CPU.ActiveCfg = Debug|Any CPU
		{41767D2C-D5E6-4CAD-B914-C23B2865819D}.Debug|Any CPU.Build.0 = Debug|Any CPU
		{41767D2C-D5E6-4CAD-B914-C23B2865819D}.Release|Any CPU.ActiveCfg = Release|Any CPU
		{41767D2C-D5E6-4CAD-B914-C23B2865819D}.Release|Any CPU.Build.0 = Release|Any CPU
		{F9FAFA04-D49F-4642-975A-273696DA655A}.Debug|Any CPU.ActiveCfg = Debug|Any CPU
		{F9FAFA04-D49F-4642-975A-273696DA655A}.Debug|Any CPU.Build.0 = Debug|Any CPU
		{F9FAFA04-D49F-4642-975A-273696DA655A}.Release|Any CPU.ActiveCfg = Release|Any CPU
		{F9FAFA04-D49F-4642-975A-273696DA655A}.Release|Any CPU.Build.0 = Release|Any CPU
	EndGlobalSection
	GlobalSection(SolutionProperties) = preSolution
		HideSolutionNode = FALSE
	EndGlobalSection
	GlobalSection(ExtensibilityGlobals) = postSolution
		SolutionGuid = {6606EE54-BAB4-48B2-9FE9-7C3857DE9C6F}
	EndGlobalSection
EndGlobal
